
Microsoft Visual Studio Solution File, Format Version 12.00
# Visual Studio Version 16
VisualStudioVersion = 16.0.31729.503
MinimumVisualStudioVersion = 10.0.40219.1
Project("{FAE04EC0-301F-11D3-BF4B-00C04F79EFBC}") = "bikeShopWebAPI", "bikeShopWebAPI.csproj", "{B1D86042-323B-4408-928B-A72A0BF2E8B8}"
EndProject
Global
	GlobalSection(SolutionConfigurationPlatforms) = preSolution
		Debug|Any CPU = Debug|Any CPU
		Release|Any CPU = Release|Any CPU
	EndGlobalSection
	GlobalSection(ProjectConfigurationPlatforms) = postSolution
		{B1D86042-323B-4408-928B-A72A0BF2E8B8}.Debug|Any CPU.ActiveCfg = Debug|Any CPU
		{B1D86042-323B-4408-928B-A72A0BF2E8B8}.Debug|Any CPU.Build.0 = Debug|Any CPU
		{B1D86042-323B-4408-928B-A72A0BF2E8B8}.Release|Any CPU.ActiveCfg = Release|Any CPU
		{B1D86042-323B-4408-928B-A72A0BF2E8B8}.Release|Any CPU.Build.0 = Release|Any CPU
	EndGlobalSection
	GlobalSection(SolutionProperties) = preSolution
		HideSolutionNode = FALSE
	EndGlobalSection
	GlobalSection(ExtensibilityGlobals) = postSolution
		SolutionGuid = {C05586D6-3C5E-4CEE-8292-DB6E009F54B8}
	EndGlobalSection
EndGlobal
